
Microsoft Visual Studio Solution File, Format Version 12.00
# Visual Studio Version 17
VisualStudioVersion = 17.4.33213.308
MinimumVisualStudioVersion = 10.0.40219.1
Project("{FAE04EC0-301F-11D3-BF4B-00C04F79EFBC}") = "SalesWebMvc", "SalesWebMvc.csproj", "{7BFED4A8-897F-4DE1-93C5-8F8F3F83B509}"
EndProject
Global
	GlobalSection(SolutionConfigurationPlatforms) = preSolution
		Debug|Any CPU = Debug|Any CPU
		Release|Any CPU = Release|Any CPU
	EndGlobalSection
	GlobalSection(ProjectConfigurationPlatforms) = postSolution
		{7BFED4A8-897F-4DE1-93C5-8F8F3F83B509}.Debug|Any CPU.ActiveCfg = Debug|Any CPU
		{7BFED4A8-897F-4DE1-93C5-8F8F3F83B509}.Debug|Any CPU.Build.0 = Debug|Any CPU
		{7BFED4A8-897F-4DE1-93C5-8F8F3F83B509}.Release|Any CPU.ActiveCfg = Release|Any CPU
		{7BFED4A8-897F-4DE1-93C5-8F8F3F83B509}.Release|Any CPU.Build.0 = Release|Any CPU
	EndGlobalSection
	GlobalSection(SolutionProperties) = preSolution
		HideSolutionNode = FALSE
	EndGlobalSection
	GlobalSection(ExtensibilityGlobals) = postSolution
		SolutionGuid = {9CF14E93-9AB3-49AF-8AB8-33719DFDBF70}
	EndGlobalSection
EndGlobal
